{
  "name": "tetris",
  "version": "1.0.0",
  "lockfileVersion": 1,
  "requires": true,
  "dependencies": {
    "mithril": {
      "version": "2.0.4",
      "resolved": "https://registry.npmjs.org/mithril/-/mithril-2.0.4.tgz",
      "integrity": "sha512-mgw+DMZlhMS4PpprF6dl7ZoeZq5GGcAuWnrg5e12MvaGauc4jzWsDZtVGRCktsiQczOEUr2K5teKbE5k44RlOg=="
    },
    "normalize.css": {
      "version": "8.0.1",
      "resolved": "https://registry.npmjs.org/normalize.css/-/normalize.css-8.0.1.tgz",
      "integrity": "sha512-qizSNPO93t1YUuUhP22btGOo3chcvDFqFaj2TRybP0DMxkHOCTYwp3n34fel4a31ORXy4m1Xq0Gyqpb5m33qIg=="
    },
    "tagl": {
      "version": "1.1.2",
      "resolved": "https://registry.npmjs.org/tagl/-/tagl-1.1.2.tgz",
      "integrity": "sha512-Yci/R5hIOFVpBeXf6fOuxQSwtt+fgyl8bzi+ze2gvGmeFMxSJAARLG3d+2G2UIQOqkXvrA22UbGkNmFxBmOd9g=="
    },
    "tagl-mithril": {
      "version": "1.0.4",
      "resolved": "https://registry.npmjs.org/tagl-mithril/-/tagl-mithril-1.0.4.tgz",
      "integrity": "sha512-NXIIhqSZiidQDMCvsb8e6b0CATPk3EOOriB+pcAhTt7Av7LLYbV+P2843bhGUOs9JyeQ7kXsr2QdrtGR77QGPw==",
      "requires": {
        "tagl": "^1.1.2"
      }
    }
  }
}
